
Microsoft Visual Studio Solution File, Format Version 12.00
# Visual Studio Version 17
VisualStudioVersion = 17.3.32929.385
MinimumVisualStudioVersion = 10.0.40219.1
Project("{FAE04EC0-301F-11D3-BF4B-00C04F79EFBC}") = "arrayprj1", "arrayprj1\arrayprj1.csproj", "{C018D204-746F-448D-8702-74B0241BA26E}"
EndProject
Project("{FAE04EC0-301F-11D3-BF4B-00C04F79EFBC}") = "arrayprj3", "..\arrayprj3\arrayprj3.csproj", "{763C2E49-0C6A-4EF7-AE64-8AAC96DA3652}"
EndProject
Project("{9A19103F-16F7-4668-BE54-9A1E7A4F7556}") = "arrayprj2", "arrayprj2\arrayprj2.csproj", "{195ACE0D-9498-451A-951A-7450ADD1762F}"
EndProject
Project("{9A19103F-16F7-4668-BE54-9A1E7A4F7556}") = "arrayprj4", "arrayprj4\arrayprj4.csproj", "{AC69A48F-348D-4DD4-A973-FE48317D9468}"
EndProject
Global
	GlobalSection(SolutionConfigurationPlatforms) = preSolution
		Debug|Any CPU = Debug|Any CPU
		Release|Any CPU = Release|Any CPU
	EndGlobalSection
	GlobalSection(ProjectConfigurationPlatforms) = postSolution
		{C018D204-746F-448D-8702-74B0241BA26E}.Debug|Any CPU.ActiveCfg = Debug|Any CPU
		{C018D204-746F-448D-8702-74B0241BA26E}.Debug|Any CPU.Build.0 = Debug|Any CPU
		{C018D204-746F-448D-8702-74B0241BA26E}.Release|Any CPU.ActiveCfg = Release|Any CPU
		{C018D204-746F-448D-8702-74B0241BA26E}.Release|Any CPU.Build.0 = Release|Any CPU
		{763C2E49-0C6A-4EF7-AE64-8AAC96DA3652}.Debug|Any CPU.ActiveCfg = Debug|Any CPU
		{763C2E49-0C6A-4EF7-AE64-8AAC96DA3652}.Debug|Any CPU.Build.0 = Debug|Any CPU
		{763C2E49-0C6A-4EF7-AE64-8AAC96DA3652}.Release|Any CPU.ActiveCfg = Release|Any CPU
		{763C2E49-0C6A-4EF7-AE64-8AAC96DA3652}.Release|Any CPU.Build.0 = Release|Any CPU
		{195ACE0D-9498-451A-951A-7450ADD1762F}.Debug|Any CPU.ActiveCfg = Debug|Any CPU
		{195ACE0D-9498-451A-951A-7450ADD1762F}.Debug|Any CPU.Build.0 = Debug|Any CPU
		{195ACE0D-9498-451A-951A-7450ADD1762F}.Release|Any CPU.ActiveCfg = Release|Any CPU
		{195ACE0D-9498-451A-951A-7450ADD1762F}.Release|Any CPU.Build.0 = Release|Any CPU
		{AC69A48F-348D-4DD4-A973-FE48317D9468}.Debug|Any CPU.ActiveCfg = Debug|Any CPU
		{AC69A48F-348D-4DD4-A973-FE48317D9468}.Debug|Any CPU.Build.0 = Debug|Any CPU
		{AC69A48F-348D-4DD4-A973-FE48317D9468}.Release|Any CPU.ActiveCfg = Release|Any CPU
		{AC69A48F-348D-4DD4-A973-FE48317D9468}.Release|Any CPU.Build.0 = Release|Any CPU
	EndGlobalSection
	GlobalSection(SolutionProperties) = preSolution
		HideSolutionNode = FALSE
	EndGlobalSection
	GlobalSection(ExtensibilityGlobals) = postSolution
		SolutionGuid = {D0B69718-2817-4CE2-B00F-962EE4510EF1}
	EndGlobalSection
EndGlobal
